<?xml version="1.0" encoding="utf-8"?>
<Project ToolsVersion="4.0" xmlns="http://schemas.microsoft.com/developer/msbuild/2003">
  <ItemGroup>
    <Filter Include="Source Files">
      <UniqueIdentifier>{4FC737F1-C7A5-4376-A066-2A32D752A2FF}</UniqueIdentifier>
      <Extensions>cpp;c;cc;cxx;def;odl;idl;hpj;bat;asm;asmx</Extensions>
    </Filter>
    <Filter Include="Header Files">
      <UniqueIdentifier>{93995380-89BD-4b04-88EB-625FBE52EBFB}</UniqueIdentifier>
      <Extensions>h;hh;hpp;hxx;hm;inl;inc;xsd</Extensions>
    </Filter>
    <Filter Include="Resource Files">
      <UniqueIdentifier>{67DA6AB6-F800-4c08-8B7A-83BB121AAD01}</UniqueIdentifier>
      <Extensions>rc;ico;cur;bmp;dlg;rc2;rct;bin;rgs;gif;jpg;jpeg;jpe;resx;tiff;tif;png;wav;mfcribbon-ms</Extensions>
    </Filter>
    <Filter Include="MapleStory">
      <UniqueIdentifier>{056b302b-352e-4730-8f4f-b78fd17e4dba}</UniqueIdentifier>
    </Filter>
  </ItemGroup>
  <ItemGroup>
    <ClCompile Include="EntryPoint.cpp">
      <Filter>Source Files</Filter>
    </ClCompile>
    <ClCompile Include="MainForm.cpp">
      <Filter>Source Files</Filter>
    </ClCompile>
    <ClCompile Include="Kami.cpp">
      <Filter>Source Files</Filter>
    </ClCompile>
  </ItemGroup>
  <ItemGroup>
    <ClInclude Include="MainForm.h">
      <Filter>Header Files</Filter>
    </ClInclude>
    <ClInclude Include="ZMap.h">
      <Filter>MapleStory</Filter>
    </ClInclude>
    <ClInclude Include="TSingleton.h">
      <Filter>MapleStory</Filter>
    </ClInclude>
    <ClInclude Include="CMobPool.h">
      <Filter>MapleStory</Filter>
    </ClInclude>
    <ClInclude Include="CMob.h">
      <Filter>MapleStory</Filter>
    </ClInclude>
    <ClInclude Include="CLife.h">
      <Filter>MapleStory</Filter>
    </ClInclude>
    <ClInclude Include="ztl.h">
      <Filter>MapleStory</Filter>
    </ClInclude>
    <ClInclude Include="ZArray.h">
      <Filter>MapleStory</Filter>
    </ClInclude>
    <ClInclude Include="ZXString.h">
      <Filter>MapleStory</Filter>
    </ClInclude>
    <ClInclude Include="ZtlSecure.h">
      <Filter>MapleStory</Filter>
    </ClInclude>
    <ClInclude Include="Addys.h">
      <Filter>Header Files</Filter>
    </ClInclude>
    <ClInclude Include="ZList.h">
      <Filter>MapleStory</Filter>
    </ClInclude>
    <ClInclude Include="CUserLocal.h">
      <Filter>MapleStory</Filter>
    </ClInclude>
    <ClInclude Include="Kami.h">
      <Filter>Header Files</Filter>
    </ClInclude>
    <ClInclude Include="CDropPool.h">
      <Filter>MapleStory</Filter>
    </ClInclude>
    <ClInclude Include="TSecType.h">
      <Filter>MapleStory</Filter>
    </ClInclude>
  </ItemGroup>
  <ItemGroup>
    <EmbeddedResource Include="MainForm.resx">
      <Filter>Resource Files</Filter>
    </EmbeddedResource>
  </ItemGroup>
</Project>